
Microsoft Visual Studio Solution File, Format Version 12.00
# Visual Studio Version 16
VisualStudioVersion = 25.0.1706.14
MinimumVisualStudioVersion = 10.0.40219.1
Project("{FAE04EC0-301F-11D3-BF4B-00C04F79EFBC}") = "Model", "..\src\Model\Model.csproj", "{38ECB64C-392F-44D5-9425-86826381EDF4}"
EndProject
Project("{FAE04EC0-301F-11D3-BF4B-00C04F79EFBC}") = "DataAccess", "..\src\DataAccess\DataAccess.csproj", "{CA29B5CF-66CB-48A0-97C2-BC150F29CAF6}"
EndProject
Project("{FAE04EC0-301F-11D3-BF4B-00C04F79EFBC}") = "TestDataGenerators", "TestDataGenerators\TestDataGenerators.csproj", "{E0558D0D-C79A-4F3D-9EFF-8B257245E579}"
EndProject
Project("{FAE04EC0-301F-11D3-BF4B-00C04F79EFBC}") = "UnitTests", "UnitTests\UnitTests.csproj", "{511C1984-AAF9-4F7A-849F-48D85F3D1607}"
EndProject
Project("{FAE04EC0-301F-11D3-BF4B-00C04F79EFBC}") = "IntegrationTests", "IntegrationTests\IntegrationTests.csproj", "{22E9757E-1552-4D72-89B0-261C5C034402}"
EndProject
Project("{FAE04EC0-301F-11D3-BF4B-00C04F79EFBC}") = "src", "..\src\src.csproj", "{971F7A8B-4223-4FCC-9DA4-EA52AB815D04}"
EndProject
Global
	GlobalSection(SolutionConfigurationPlatforms) = preSolution
		Debug|Any CPU = Debug|Any CPU
		Release|Any CPU = Release|Any CPU
	EndGlobalSection
	GlobalSection(ProjectConfigurationPlatforms) = postSolution
		{38ECB64C-392F-44D5-9425-86826381EDF4}.Debug|Any CPU.ActiveCfg = Debug|Any CPU
		{38ECB64C-392F-44D5-9425-86826381EDF4}.Debug|Any CPU.Build.0 = Debug|Any CPU
		{38ECB64C-392F-44D5-9425-86826381EDF4}.Release|Any CPU.ActiveCfg = Release|Any CPU
		{38ECB64C-392F-44D5-9425-86826381EDF4}.Release|Any CPU.Build.0 = Release|Any CPU
		{CA29B5CF-66CB-48A0-97C2-BC150F29CAF6}.Debug|Any CPU.ActiveCfg = Debug|Any CPU
		{CA29B5CF-66CB-48A0-97C2-BC150F29CAF6}.Debug|Any CPU.Build.0 = Debug|Any CPU
		{CA29B5CF-66CB-48A0-97C2-BC150F29CAF6}.Release|Any CPU.ActiveCfg = Release|Any CPU
		{CA29B5CF-66CB-48A0-97C2-BC150F29CAF6}.Release|Any CPU.Build.0 = Release|Any CPU
		{E0558D0D-C79A-4F3D-9EFF-8B257245E579}.Debug|Any CPU.ActiveCfg = Debug|Any CPU
		{E0558D0D-C79A-4F3D-9EFF-8B257245E579}.Debug|Any CPU.Build.0 = Debug|Any CPU
		{E0558D0D-C79A-4F3D-9EFF-8B257245E579}.Release|Any CPU.ActiveCfg = Release|Any CPU
		{E0558D0D-C79A-4F3D-9EFF-8B257245E579}.Release|Any CPU.Build.0 = Release|Any CPU
		{511C1984-AAF9-4F7A-849F-48D85F3D1607}.Debug|Any CPU.ActiveCfg = Debug|Any CPU
		{511C1984-AAF9-4F7A-849F-48D85F3D1607}.Debug|Any CPU.Build.0 = Debug|Any CPU
		{511C1984-AAF9-4F7A-849F-48D85F3D1607}.Release|Any CPU.ActiveCfg = Release|Any CPU
		{511C1984-AAF9-4F7A-849F-48D85F3D1607}.Release|Any CPU.Build.0 = Release|Any CPU
		{22E9757E-1552-4D72-89B0-261C5C034402}.Debug|Any CPU.ActiveCfg = Debug|Any CPU
		{22E9757E-1552-4D72-89B0-261C5C034402}.Debug|Any CPU.Build.0 = Debug|Any CPU
		{22E9757E-1552-4D72-89B0-261C5C034402}.Release|Any CPU.ActiveCfg = Release|Any CPU
		{22E9757E-1552-4D72-89B0-261C5C034402}.Release|Any CPU.Build.0 = Release|Any CPU
		{971F7A8B-4223-4FCC-9DA4-EA52AB815D04}.Debug|Any CPU.ActiveCfg = Debug|Any CPU
		{971F7A8B-4223-4FCC-9DA4-EA52AB815D04}.Debug|Any CPU.Build.0 = Debug|Any CPU
		{971F7A8B-4223-4FCC-9DA4-EA52AB815D04}.Release|Any CPU.ActiveCfg = Release|Any CPU
		{971F7A8B-4223-4FCC-9DA4-EA52AB815D04}.Release|Any CPU.Build.0 = Release|Any CPU
	EndGlobalSection
	GlobalSection(SolutionProperties) = preSolution
		HideSolutionNode = FALSE
	EndGlobalSection
	GlobalSection(ExtensibilityGlobals) = postSolution
		SolutionGuid = {C8B5E81B-04C8-4A32-AD96-40114B301712}
	EndGlobalSection
EndGlobal
